
Microsoft Visual Studio Solution File, Format Version 12.00
# Visual Studio Version 16
VisualStudioVersion = 16.0.30804.86
MinimumVisualStudioVersion = 10.0.40219.1
Project("{9A19103F-16F7-4668-BE54-9A1E7A4F7556}") = "AWSLambdaChallengeConsumer", "AWSLambdaChallengeConsumer\AWSLambdaChallengeConsumer.csproj", "{CDE431D5-632E-4B3A-8225-55C26E988549}"
EndProject
Global
	GlobalSection(SolutionConfigurationPlatforms) = preSolution
		Debug|Any CPU = Debug|Any CPU
		Release|Any CPU = Release|Any CPU
	EndGlobalSection
	GlobalSection(ProjectConfigurationPlatforms) = postSolution
		{CDE431D5-632E-4B3A-8225-55C26E988549}.Debug|Any CPU.ActiveCfg = Debug|Any CPU
		{CDE431D5-632E-4B3A-8225-55C26E988549}.Debug|Any CPU.Build.0 = Debug|Any CPU
		{CDE431D5-632E-4B3A-8225-55C26E988549}.Release|Any CPU.ActiveCfg = Release|Any CPU
		{CDE431D5-632E-4B3A-8225-55C26E988549}.Release|Any CPU.Build.0 = Release|Any CPU
	EndGlobalSection
	GlobalSection(SolutionProperties) = preSolution
		HideSolutionNode = FALSE
	EndGlobalSection
	GlobalSection(ExtensibilityGlobals) = postSolution
		SolutionGuid = {02115340-1A3F-4BF6-98C4-374E8777D418}
	EndGlobalSection
EndGlobal
